
Microsoft Visual Studio Solution File, Format Version 12.00
# Visual Studio 15
VisualStudioVersion = 15.0.28010.2036
MinimumVisualStudioVersion = 10.0.40219.1
Project("{9A19103F-16F7-4668-BE54-9A1E7A4F7556}") = "Tests", "Tests\Tests.csproj", "{47469A4A-DEB6-4A0F-B06B-D5E883EBD91C}"
EndProject
Project("{9A19103F-16F7-4668-BE54-9A1E7A4F7556}") = "AzureEventStore", "AzureEventStore\AzureEventStore.csproj", "{125673E8-16D5-4CEC-A629-B0C1635A3C00}"
EndProject
Project("{9A19103F-16F7-4668-BE54-9A1E7A4F7556}") = "Aggregates", "Aggregates\Aggregates.csproj", "{B4006787-2592-4610-92AA-2694BB7E6E5F}"
EndProject
Project("{FAE04EC0-301F-11D3-BF4B-00C04F79EFBC}") = "ExampleDomain", "ExampleDomain\ExampleDomain.csproj", "{EFA680AD-2045-416F-9242-25572A92D250}"
EndProject
Global
	GlobalSection(SolutionConfigurationPlatforms) = preSolution
		Debug|Any CPU = Debug|Any CPU
		Release|Any CPU = Release|Any CPU
	EndGlobalSection
	GlobalSection(ProjectConfigurationPlatforms) = postSolution
		{47469A4A-DEB6-4A0F-B06B-D5E883EBD91C}.Debug|Any CPU.ActiveCfg = Debug|Any CPU
		{47469A4A-DEB6-4A0F-B06B-D5E883EBD91C}.Debug|Any CPU.Build.0 = Debug|Any CPU
		{47469A4A-DEB6-4A0F-B06B-D5E883EBD91C}.Release|Any CPU.ActiveCfg = Release|Any CPU
		{47469A4A-DEB6-4A0F-B06B-D5E883EBD91C}.Release|Any CPU.Build.0 = Release|Any CPU
		{125673E8-16D5-4CEC-A629-B0C1635A3C00}.Debug|Any CPU.ActiveCfg = Debug|Any CPU
		{125673E8-16D5-4CEC-A629-B0C1635A3C00}.Debug|Any CPU.Build.0 = Debug|Any CPU
		{125673E8-16D5-4CEC-A629-B0C1635A3C00}.Release|Any CPU.ActiveCfg = Release|Any CPU
		{125673E8-16D5-4CEC-A629-B0C1635A3C00}.Release|Any CPU.Build.0 = Release|Any CPU
		{B4006787-2592-4610-92AA-2694BB7E6E5F}.Debug|Any CPU.ActiveCfg = Debug|Any CPU
		{B4006787-2592-4610-92AA-2694BB7E6E5F}.Debug|Any CPU.Build.0 = Debug|Any CPU
		{B4006787-2592-4610-92AA-2694BB7E6E5F}.Release|Any CPU.ActiveCfg = Release|Any CPU
		{B4006787-2592-4610-92AA-2694BB7E6E5F}.Release|Any CPU.Build.0 = Release|Any CPU
		{EFA680AD-2045-416F-9242-25572A92D250}.Debug|Any CPU.ActiveCfg = Debug|Any CPU
		{EFA680AD-2045-416F-9242-25572A92D250}.Debug|Any CPU.Build.0 = Debug|Any CPU
		{EFA680AD-2045-416F-9242-25572A92D250}.Release|Any CPU.ActiveCfg = Release|Any CPU
		{EFA680AD-2045-416F-9242-25572A92D250}.Release|Any CPU.Build.0 = Release|Any CPU
	EndGlobalSection
	GlobalSection(SolutionProperties) = preSolution
		HideSolutionNode = FALSE
	EndGlobalSection
	GlobalSection(ExtensibilityGlobals) = postSolution
		SolutionGuid = {DA226598-01DC-4673-ABA8-A69568EF0720}
	EndGlobalSection
EndGlobal
